<?xml version="1.0" encoding="utf-8"?>
<Project ToolsVersion="18.0" xmlns="http://schemas.microsoft.com/developer/msbuild/2003">
  <ItemGroup>
    <CustomBuild Include="D:\src\net_copy\build_vs\CMakeFiles\d3337e0ac7c33b9f12d749b8b4fbb3e1\clean_all.rule">
      <Filter>CMake Rules</Filter>
    </CustomBuild>
    <CustomBuild Include="D:\src\net_copy\CMakeLists.txt" />
  </ItemGroup>
  <ItemGroup>
    <None Include="D:\src\net_copy\build_vs\CMakeFiles\clean_all" />
  </ItemGroup>
  <ItemGroup>
    <Filter Include="CMake Rules">
      <UniqueIdentifier>{75A7C7DF-936C-3733-AF4C-3B01827C2E45}</UniqueIdentifier>
    </Filter>
  </ItemGroup>
</Project>
